
Microsoft Visual Studio Solution File, Format Version 12.00
# Visual Studio 15
VisualStudioVersion = 15.0.28307.489
MinimumVisualStudioVersion = 10.0.40219.1
Project("{FAE04EC0-301F-11D3-BF4B-00C04F79EFBC}") = "CalculatingPI", "CalculatingPI\CalculatingPI.csproj", "{9F0F1E51-012E-484F-95CD-8BB296595749}"
EndProject
Global
	GlobalSection(SolutionConfigurationPlatforms) = preSolution
		Debug|Any CPU = Debug|Any CPU
		Release|Any CPU = Release|Any CPU
	EndGlobalSection
	GlobalSection(ProjectConfigurationPlatforms) = postSolution
		{9F0F1E51-012E-484F-95CD-8BB296595749}.Debug|Any CPU.ActiveCfg = Debug|Any CPU
		{9F0F1E51-012E-484F-95CD-8BB296595749}.Debug|Any CPU.Build.0 = Debug|Any CPU
		{9F0F1E51-012E-484F-95CD-8BB296595749}.Release|Any CPU.ActiveCfg = Release|Any CPU
		{9F0F1E51-012E-484F-95CD-8BB296595749}.Release|Any CPU.Build.0 = Release|Any CPU
	EndGlobalSection
	GlobalSection(SolutionProperties) = preSolution
		HideSolutionNode = FALSE
	EndGlobalSection
	GlobalSection(ExtensibilityGlobals) = postSolution
		SolutionGuid = {3D21E4FC-9AF2-4B7B-A5AA-CB0595A42B13}
	EndGlobalSection
EndGlobal
